
Microsoft Visual Studio Solution File, Format Version 12.00
# Visual Studio Version 16
VisualStudioVersion = 16.0.30225.117
MinimumVisualStudioVersion = 10.0.40219.1
Project("{9A19103F-16F7-4668-BE54-9A1E7A4F7556}") = "DotNetVault", "DotNetVault.csproj", "{56504E06-B1F9-4356-B451-420270D141E4}"
EndProject
Global
	GlobalSection(SolutionConfigurationPlatforms) = preSolution
		Debug|Any CPU = Debug|Any CPU
		Release|Any CPU = Release|Any CPU
	EndGlobalSection
	GlobalSection(ProjectConfigurationPlatforms) = postSolution
		{56504E06-B1F9-4356-B451-420270D141E4}.Debug|Any CPU.ActiveCfg = Debug|Any CPU
		{56504E06-B1F9-4356-B451-420270D141E4}.Debug|Any CPU.Build.0 = Debug|Any CPU
		{56504E06-B1F9-4356-B451-420270D141E4}.Release|Any CPU.ActiveCfg = Release|Any CPU
		{56504E06-B1F9-4356-B451-420270D141E4}.Release|Any CPU.Build.0 = Release|Any CPU
	EndGlobalSection
	GlobalSection(SolutionProperties) = preSolution
		HideSolutionNode = FALSE
	EndGlobalSection
	GlobalSection(ExtensibilityGlobals) = postSolution
		SolutionGuid = {020D9004-B578-4AA8-A312-D5F36B09DC9B}
	EndGlobalSection
	GlobalSection(TeamFoundationVersionControl) = preSolution
		SccNumberOfProjects = 1
		SccEnterpriseProvider = {4CA58AB2-18FA-4F8D-95D4-32DDF27D184C}
		SccTeamFoundationServer = https://cjmscrews.visualstudio.com/
		SccProjectUniqueName0 = DotNetVault.csproj
		SccProjectName0 = .
		SccAuxPath0 = https://cjmscrews.visualstudio.com
		SccLocalPath0 = .
		SccProvider0 = {4CA58AB2-18FA-4F8D-95D4-32DDF27D184C}
	EndGlobalSection
EndGlobal
