
Microsoft Visual Studio Solution File, Format Version 12.00
# Visual Studio Version 16
VisualStudioVersion = 16.0.29306.81
MinimumVisualStudioVersion = 10.0.40219.1
Project("{9A19103F-16F7-4668-BE54-9A1E7A4F7556}") = "DotNetVault", "DotNetVault\DotNetVault.csproj", "{200B0CCA-F625-4E3F-9CC3-00AE5A2E7579}"
EndProject
Project("{9A19103F-16F7-4668-BE54-9A1E7A4F7556}") = "DotNetVault.Test", "DotNetVault.Test\DotNetVault.Test.csproj", "{C030D181-DD95-47CA-AEF5-49B8E2262343}"
EndProject
Project("{FAE04EC0-301F-11D3-BF4B-00C04F79EFBC}") = "DotNetVault.Vsix", "DotNetVault.Vsix\DotNetVault.Vsix.csproj", "{DDC79759-AD9A-4251-94DA-E72B2B5EE6AE}"
EndProject
Project("{2150E333-8FDC-42A3-9474-1A3956D46DE8}") = "Solution Items", "Solution Items", "{6273AC00-D6E4-4119-93DE-0F0EAE73D450}"
	ProjectSection(SolutionItems) = preProject
		DotNetVault.sln.DotSettings = DotNetVault.sln.DotSettings
		DotNetVault_Description_latest_draft.docx = DotNetVault_Description_latest_draft.docx
		DotNetVault_Description_Latest_Draft.pdf = DotNetVault_Description_Latest_Draft.pdf
		DotNetVault_Description_v1.0.pdf = DotNetVault_Description_v1.0.pdf
		license.txt = license.txt
		README.md = README.md
		readme.txt = readme.txt
	EndProjectSection
EndProject
Project("{9A19103F-16F7-4668-BE54-9A1E7A4F7556}") = "VaultUnitTests", "VaultUnitTests\VaultUnitTests.csproj", "{D0598457-B37E-4416-AAEC-53973098507F}"
EndProject
Global
	GlobalSection(SolutionConfigurationPlatforms) = preSolution
		Debug|Any CPU = Debug|Any CPU
		Release|Any CPU = Release|Any CPU
	EndGlobalSection
	GlobalSection(ProjectConfigurationPlatforms) = postSolution
		{200B0CCA-F625-4E3F-9CC3-00AE5A2E7579}.Debug|Any CPU.ActiveCfg = Debug|Any CPU
		{200B0CCA-F625-4E3F-9CC3-00AE5A2E7579}.Debug|Any CPU.Build.0 = Debug|Any CPU
		{200B0CCA-F625-4E3F-9CC3-00AE5A2E7579}.Release|Any CPU.ActiveCfg = Release|Any CPU
		{200B0CCA-F625-4E3F-9CC3-00AE5A2E7579}.Release|Any CPU.Build.0 = Release|Any CPU
		{C030D181-DD95-47CA-AEF5-49B8E2262343}.Debug|Any CPU.ActiveCfg = Debug|Any CPU
		{C030D181-DD95-47CA-AEF5-49B8E2262343}.Debug|Any CPU.Build.0 = Debug|Any CPU
		{C030D181-DD95-47CA-AEF5-49B8E2262343}.Release|Any CPU.ActiveCfg = Release|Any CPU
		{C030D181-DD95-47CA-AEF5-49B8E2262343}.Release|Any CPU.Build.0 = Release|Any CPU
		{DDC79759-AD9A-4251-94DA-E72B2B5EE6AE}.Debug|Any CPU.ActiveCfg = Debug|Any CPU
		{DDC79759-AD9A-4251-94DA-E72B2B5EE6AE}.Debug|Any CPU.Build.0 = Debug|Any CPU
		{DDC79759-AD9A-4251-94DA-E72B2B5EE6AE}.Release|Any CPU.ActiveCfg = Release|Any CPU
		{DDC79759-AD9A-4251-94DA-E72B2B5EE6AE}.Release|Any CPU.Build.0 = Release|Any CPU
		{D0598457-B37E-4416-AAEC-53973098507F}.Debug|Any CPU.ActiveCfg = Debug|Any CPU
		{D0598457-B37E-4416-AAEC-53973098507F}.Debug|Any CPU.Build.0 = Debug|Any CPU
		{D0598457-B37E-4416-AAEC-53973098507F}.Release|Any CPU.ActiveCfg = Release|Any CPU
		{D0598457-B37E-4416-AAEC-53973098507F}.Release|Any CPU.Build.0 = Release|Any CPU
	EndGlobalSection
	GlobalSection(SolutionProperties) = preSolution
		HideSolutionNode = FALSE
	EndGlobalSection
	GlobalSection(ExtensibilityGlobals) = postSolution
		SolutionGuid = {546FB336-1819-465C-B157-F33FC17E6577}
	EndGlobalSection
EndGlobal
