
Microsoft Visual Studio Solution File, Format Version 12.00
# Visual Studio Version 16
VisualStudioVersion = 16.0.29709.97
MinimumVisualStudioVersion = 10.0.40219.1
Project("{9A19103F-16F7-4668-BE54-9A1E7A4F7556}") = "DotNetVaultQuickStart", "DotNetVaultQuickStart\DotNetVaultQuickStart.csproj", "{12D27AF4-A6DE-4E7C-AA89-824A84D45AFE}"
EndProject
Global
	GlobalSection(SolutionConfigurationPlatforms) = preSolution
		Debug|Any CPU = Debug|Any CPU
		Release|Any CPU = Release|Any CPU
	EndGlobalSection
	GlobalSection(ProjectConfigurationPlatforms) = postSolution
		{12D27AF4-A6DE-4E7C-AA89-824A84D45AFE}.Debug|Any CPU.ActiveCfg = Debug|Any CPU
		{12D27AF4-A6DE-4E7C-AA89-824A84D45AFE}.Debug|Any CPU.Build.0 = Debug|Any CPU
		{12D27AF4-A6DE-4E7C-AA89-824A84D45AFE}.Release|Any CPU.ActiveCfg = Release|Any CPU
		{12D27AF4-A6DE-4E7C-AA89-824A84D45AFE}.Release|Any CPU.Build.0 = Release|Any CPU
	EndGlobalSection
	GlobalSection(SolutionProperties) = preSolution
		HideSolutionNode = FALSE
	EndGlobalSection
	GlobalSection(ExtensibilityGlobals) = postSolution
		SolutionGuid = {A6298B9D-0DBA-4756-9DE4-B2C68A03E43D}
	EndGlobalSection
	GlobalSection(TeamFoundationVersionControl) = preSolution
		SccNumberOfProjects = 2
		SccEnterpriseProvider = {4CA58AB2-18FA-4F8D-95D4-32DDF27D184C}
		SccTeamFoundationServer = https://cjmscrews.visualstudio.com/
		SccLocalPath0 = .
		SccProjectUniqueName1 = DotNetVaultQuickStart\\DotNetVaultQuickStart.csproj
		SccProjectName1 = DotNetVaultQuickStart
		SccLocalPath1 = DotNetVaultQuickStart
	EndGlobalSection
EndGlobal
