
Microsoft Visual Studio Solution File, Format Version 12.00
# Visual Studio Version 16
VisualStudioVersion = 16.0.29709.97
MinimumVisualStudioVersion = 10.0.40219.1
Project("{9A19103F-16F7-4668-BE54-9A1E7A4F7556}") = "DotNetVaultQuickStart", "DotNetVaultQuickStart\DotNetVaultQuickStart.csproj", "{F90D9549-A022-413B-AD32-2524ABCAD7DF}"
EndProject
Global
	GlobalSection(SolutionConfigurationPlatforms) = preSolution
		Debug|Any CPU = Debug|Any CPU
		Release|Any CPU = Release|Any CPU
	EndGlobalSection
	GlobalSection(ProjectConfigurationPlatforms) = postSolution
		{F90D9549-A022-413B-AD32-2524ABCAD7DF}.Debug|Any CPU.ActiveCfg = Debug|Any CPU
		{F90D9549-A022-413B-AD32-2524ABCAD7DF}.Debug|Any CPU.Build.0 = Debug|Any CPU
		{F90D9549-A022-413B-AD32-2524ABCAD7DF}.Release|Any CPU.ActiveCfg = Release|Any CPU
		{F90D9549-A022-413B-AD32-2524ABCAD7DF}.Release|Any CPU.Build.0 = Release|Any CPU
	EndGlobalSection
	GlobalSection(SolutionProperties) = preSolution
		HideSolutionNode = FALSE
	EndGlobalSection
	GlobalSection(ExtensibilityGlobals) = postSolution
		SolutionGuid = {660F5142-672F-45B7-8744-6362C6363E16}
	EndGlobalSection
EndGlobal
