
Microsoft Visual Studio Solution File, Format Version 12.00
# Visual Studio Version 16
VisualStudioVersion = 16.0.30225.117
MinimumVisualStudioVersion = 10.0.40219.1
Project("{9A19103F-16F7-4668-BE54-9A1E7A4F7556}") = "CafeBabeGame", "CafeBabeGame\CafeBabeGame.csproj", "{3B45232A-FA9B-446C-8EDA-E75FFE396FFF}"
EndProject
Global
	GlobalSection(SolutionConfigurationPlatforms) = preSolution
		Debug|Any CPU = Debug|Any CPU
		Release|Any CPU = Release|Any CPU
	EndGlobalSection
	GlobalSection(ProjectConfigurationPlatforms) = postSolution
		{3B45232A-FA9B-446C-8EDA-E75FFE396FFF}.Debug|Any CPU.ActiveCfg = Debug|Any CPU
		{3B45232A-FA9B-446C-8EDA-E75FFE396FFF}.Debug|Any CPU.Build.0 = Debug|Any CPU
		{3B45232A-FA9B-446C-8EDA-E75FFE396FFF}.Release|Any CPU.ActiveCfg = Release|Any CPU
		{3B45232A-FA9B-446C-8EDA-E75FFE396FFF}.Release|Any CPU.Build.0 = Release|Any CPU
	EndGlobalSection
	GlobalSection(SolutionProperties) = preSolution
		HideSolutionNode = FALSE
	EndGlobalSection
	GlobalSection(ExtensibilityGlobals) = postSolution
		SolutionGuid = {C95ADA82-DEEE-4FED-8278-688426B33F15}
	EndGlobalSection
EndGlobal
